
Microsoft Visual Studio Solution File, Format Version 12.00
# Visual Studio Version 16
VisualStudioVersion = 16.0.29102.190
MinimumVisualStudioVersion = 10.0.40219.1
Project("{8BC9CEB8-8B4A-11D0-8D11-00A0C91BC942}") = "QCustomUi", "src\QCustomUi\QCustomUi.vcxproj", "{B12702AD-ABFB-343A-A199-8E24837244A3}"
EndProject
Project("{2150E333-8FDC-42A3-9474-1A3956D46DE8}") = "Examples", "Examples", "{5FB04206-6C3C-4796-86E5-CEF694F70939}"
EndProject
Project("{8BC9CEB8-8B4A-11D0-8D11-00A0C91BC942}") = "WindowAndDialogExamples", "src\Examples\WindowAndDialogExamples\WindowAndDialogExamples.vcxproj", "{396523B4-7AF2-4F10-846A-22999D543947}"
	ProjectSection(ProjectDependencies) = postProject
		{B12702AD-ABFB-343A-A199-8E24837244A3} = {B12702AD-ABFB-343A-A199-8E24837244A3}
	EndProjectSection
EndProject
Project("{8BC9CEB8-8B4A-11D0-8D11-00A0C91BC942}") = "DrawerExample", "src\Examples\DrawerExample\DrawerExample.vcxproj", "{B454CA6C-95CE-475D-9DE4-81C266CE6A4C}"
	ProjectSection(ProjectDependencies) = postProject
		{B12702AD-ABFB-343A-A199-8E24837244A3} = {B12702AD-ABFB-343A-A199-8E24837244A3}
	EndProjectSection
EndProject
Project("{8BC9CEB8-8B4A-11D0-8D11-00A0C91BC942}") = "IPAddressEditExample", "src\Examples\IPAddressEditExample\IPAddressEditExample.vcxproj", "{7BFE0297-717F-462E-A1B0-1EEDF7E64BC7}"
	ProjectSection(ProjectDependencies) = postProject
		{B12702AD-ABFB-343A-A199-8E24837244A3} = {B12702AD-ABFB-343A-A199-8E24837244A3}
	EndProjectSection
EndProject
Project("{8BC9CEB8-8B4A-11D0-8D11-00A0C91BC942}") = "MultiComboBoxExample", "src\Examples\MultiComboBoxExample\MultiComboBoxExample.vcxproj", "{69BFE0BB-89AE-435F-84EF-7880D5BB0603}"
	ProjectSection(ProjectDependencies) = postProject
		{B12702AD-ABFB-343A-A199-8E24837244A3} = {B12702AD-ABFB-343A-A199-8E24837244A3}
	EndProjectSection
EndProject
Project("{8BC9CEB8-8B4A-11D0-8D11-00A0C91BC942}") = "StageProgressBarExample", "src\Examples\StageProgressBarExample\StageProgressBarExample.vcxproj", "{63D71258-FBD4-4E6C-B32F-FA178BE26B8A}"
	ProjectSection(ProjectDependencies) = postProject
		{B12702AD-ABFB-343A-A199-8E24837244A3} = {B12702AD-ABFB-343A-A199-8E24837244A3}
	EndProjectSection
EndProject
Project("{8BC9CEB8-8B4A-11D0-8D11-00A0C91BC942}") = "EditLabelExample", "src\Examples\EditLabelExample\EditLabelExample.vcxproj", "{8B53F213-D3DD-4627-9936-B611F006F691}"
	ProjectSection(ProjectDependencies) = postProject
		{B12702AD-ABFB-343A-A199-8E24837244A3} = {B12702AD-ABFB-343A-A199-8E24837244A3}
	EndProjectSection
EndProject
Project("{8BC9CEB8-8B4A-11D0-8D11-00A0C91BC942}") = "MessageBoxExample", "src\Examples\MessageBoxExample\MessageBoxExample.vcxproj", "{622CEF09-6812-4B2C-84B0-62B758258401}"
	ProjectSection(ProjectDependencies) = postProject
		{B12702AD-ABFB-343A-A199-8E24837244A3} = {B12702AD-ABFB-343A-A199-8E24837244A3}
	EndProjectSection
EndProject
Project("{8BC9CEB8-8B4A-11D0-8D11-00A0C91BC942}") = "NavigationBarExample", "src\Examples\NavigationBarExample\NavigationBarExample.vcxproj", "{C0B90FFF-564F-460D-B881-E809F1EA537B}"
EndProject
Project("{8BC9CEB8-8B4A-11D0-8D11-00A0C91BC942}") = "NavigationPane", "src\Examples\NavigationPane\NavigationPane.vcxproj", "{123883E4-253B-4781-A3D0-16114BBD82FC}"
EndProject
Project("{8BC9CEB8-8B4A-11D0-8D11-00A0C91BC942}") = "ClassifyTreeViewExample", "src\Examples\ClassifyTreeViewExample\ClassifyTreeViewExample.vcxproj", "{21D5236B-D4B6-4929-8A1D-0567624CDCFC}"
EndProject
Global
	GlobalSection(SolutionConfigurationPlatforms) = preSolution
		Debug|x64 = Debug|x64
		Debug|x86 = Debug|x86
		Release|x64 = Release|x64
		Release|x86 = Release|x86
	EndGlobalSection
	GlobalSection(ProjectConfigurationPlatforms) = postSolution
		{B12702AD-ABFB-343A-A199-8E24837244A3}.Debug|x64.ActiveCfg = Debug|x64
		{B12702AD-ABFB-343A-A199-8E24837244A3}.Debug|x64.Build.0 = Debug|x64
		{B12702AD-ABFB-343A-A199-8E24837244A3}.Debug|x86.ActiveCfg = Debug|x64
		{B12702AD-ABFB-343A-A199-8E24837244A3}.Release|x64.ActiveCfg = Release|x64
		{B12702AD-ABFB-343A-A199-8E24837244A3}.Release|x64.Build.0 = Release|x64
		{B12702AD-ABFB-343A-A199-8E24837244A3}.Release|x86.ActiveCfg = Release|x64
		{396523B4-7AF2-4F10-846A-22999D543947}.Debug|x64.ActiveCfg = Debug|x64
		{396523B4-7AF2-4F10-846A-22999D543947}.Debug|x64.Build.0 = Debug|x64
		{396523B4-7AF2-4F10-846A-22999D543947}.Debug|x86.ActiveCfg = Debug|x64
		{396523B4-7AF2-4F10-846A-22999D543947}.Release|x64.ActiveCfg = Release|x64
		{396523B4-7AF2-4F10-846A-22999D543947}.Release|x64.Build.0 = Release|x64
		{396523B4-7AF2-4F10-846A-22999D543947}.Release|x86.ActiveCfg = Release|x64
		{B454CA6C-95CE-475D-9DE4-81C266CE6A4C}.Debug|x64.ActiveCfg = Debug|x64
		{B454CA6C-95CE-475D-9DE4-81C266CE6A4C}.Debug|x64.Build.0 = Debug|x64
		{B454CA6C-95CE-475D-9DE4-81C266CE6A4C}.Debug|x86.ActiveCfg = Debug|x64
		{B454CA6C-95CE-475D-9DE4-81C266CE6A4C}.Release|x64.ActiveCfg = Release|x64
		{B454CA6C-95CE-475D-9DE4-81C266CE6A4C}.Release|x64.Build.0 = Release|x64
		{B454CA6C-95CE-475D-9DE4-81C266CE6A4C}.Release|x86.ActiveCfg = Release|x64
		{7BFE0297-717F-462E-A1B0-1EEDF7E64BC7}.Debug|x64.ActiveCfg = Debug|x64
		{7BFE0297-717F-462E-A1B0-1EEDF7E64BC7}.Debug|x64.Build.0 = Debug|x64
		{7BFE0297-717F-462E-A1B0-1EEDF7E64BC7}.Debug|x86.ActiveCfg = Debug|x64
		{7BFE0297-717F-462E-A1B0-1EEDF7E64BC7}.Release|x64.ActiveCfg = Release|x64
		{7BFE0297-717F-462E-A1B0-1EEDF7E64BC7}.Release|x64.Build.0 = Release|x64
		{7BFE0297-717F-462E-A1B0-1EEDF7E64BC7}.Release|x86.ActiveCfg = Release|x64
		{69BFE0BB-89AE-435F-84EF-7880D5BB0603}.Debug|x64.ActiveCfg = Debug|x64
		{69BFE0BB-89AE-435F-84EF-7880D5BB0603}.Debug|x64.Build.0 = Debug|x64
		{69BFE0BB-89AE-435F-84EF-7880D5BB0603}.Debug|x86.ActiveCfg = Debug|x64
		{69BFE0BB-89AE-435F-84EF-7880D5BB0603}.Release|x64.ActiveCfg = Release|x64
		{69BFE0BB-89AE-435F-84EF-7880D5BB0603}.Release|x64.Build.0 = Release|x64
		{69BFE0BB-89AE-435F-84EF-7880D5BB0603}.Release|x86.ActiveCfg = Release|x64
		{63D71258-FBD4-4E6C-B32F-FA178BE26B8A}.Debug|x64.ActiveCfg = Debug|x64
		{63D71258-FBD4-4E6C-B32F-FA178BE26B8A}.Debug|x64.Build.0 = Debug|x64
		{63D71258-FBD4-4E6C-B32F-FA178BE26B8A}.Debug|x86.ActiveCfg = Debug|x64
		{63D71258-FBD4-4E6C-B32F-FA178BE26B8A}.Release|x64.ActiveCfg = Release|x64
		{63D71258-FBD4-4E6C-B32F-FA178BE26B8A}.Release|x64.Build.0 = Release|x64
		{63D71258-FBD4-4E6C-B32F-FA178BE26B8A}.Release|x86.ActiveCfg = Release|x64
		{8B53F213-D3DD-4627-9936-B611F006F691}.Debug|x64.ActiveCfg = Debug|x64
		{8B53F213-D3DD-4627-9936-B611F006F691}.Debug|x64.Build.0 = Debug|x64
		{8B53F213-D3DD-4627-9936-B611F006F691}.Debug|x86.ActiveCfg = Debug|x64
		{8B53F213-D3DD-4627-9936-B611F006F691}.Release|x64.ActiveCfg = Release|x64
		{8B53F213-D3DD-4627-9936-B611F006F691}.Release|x64.Build.0 = Release|x64
		{8B53F213-D3DD-4627-9936-B611F006F691}.Release|x86.ActiveCfg = Release|x64
		{622CEF09-6812-4B2C-84B0-62B758258401}.Debug|x64.ActiveCfg = Debug|x64
		{622CEF09-6812-4B2C-84B0-62B758258401}.Debug|x64.Build.0 = Debug|x64
		{622CEF09-6812-4B2C-84B0-62B758258401}.Debug|x86.ActiveCfg = Debug|x64
		{622CEF09-6812-4B2C-84B0-62B758258401}.Release|x64.ActiveCfg = Release|x64
		{622CEF09-6812-4B2C-84B0-62B758258401}.Release|x64.Build.0 = Release|x64
		{622CEF09-6812-4B2C-84B0-62B758258401}.Release|x86.ActiveCfg = Release|x64
		{C0B90FFF-564F-460D-B881-E809F1EA537B}.Debug|x64.ActiveCfg = Debug|x64
		{C0B90FFF-564F-460D-B881-E809F1EA537B}.Debug|x64.Build.0 = Debug|x64
		{C0B90FFF-564F-460D-B881-E809F1EA537B}.Debug|x86.ActiveCfg = Debug|x64
		{C0B90FFF-564F-460D-B881-E809F1EA537B}.Release|x64.ActiveCfg = Release|x64
		{C0B90FFF-564F-460D-B881-E809F1EA537B}.Release|x64.Build.0 = Release|x64
		{C0B90FFF-564F-460D-B881-E809F1EA537B}.Release|x86.ActiveCfg = Release|x64
		{123883E4-253B-4781-A3D0-16114BBD82FC}.Debug|x64.ActiveCfg = Debug|x64
		{123883E4-253B-4781-A3D0-16114BBD82FC}.Debug|x64.Build.0 = Debug|x64
		{123883E4-253B-4781-A3D0-16114BBD82FC}.Debug|x86.ActiveCfg = Debug|x64
		{123883E4-253B-4781-A3D0-16114BBD82FC}.Release|x64.ActiveCfg = Release|x64
		{123883E4-253B-4781-A3D0-16114BBD82FC}.Release|x64.Build.0 = Release|x64
		{123883E4-253B-4781-A3D0-16114BBD82FC}.Release|x86.ActiveCfg = Release|x64
		{21D5236B-D4B6-4929-8A1D-0567624CDCFC}.Debug|x64.ActiveCfg = Debug|x64
		{21D5236B-D4B6-4929-8A1D-0567624CDCFC}.Debug|x64.Build.0 = Debug|x64
		{21D5236B-D4B6-4929-8A1D-0567624CDCFC}.Debug|x86.ActiveCfg = Debug|x64
		{21D5236B-D4B6-4929-8A1D-0567624CDCFC}.Release|x64.ActiveCfg = Release|x64
		{21D5236B-D4B6-4929-8A1D-0567624CDCFC}.Release|x64.Build.0 = Release|x64
		{21D5236B-D4B6-4929-8A1D-0567624CDCFC}.Release|x86.ActiveCfg = Release|x64
	EndGlobalSection
	GlobalSection(SolutionProperties) = preSolution
		HideSolutionNode = FALSE
	EndGlobalSection
	GlobalSection(NestedProjects) = preSolution
		{396523B4-7AF2-4F10-846A-22999D543947} = {5FB04206-6C3C-4796-86E5-CEF694F70939}
		{B454CA6C-95CE-475D-9DE4-81C266CE6A4C} = {5FB04206-6C3C-4796-86E5-CEF694F70939}
		{7BFE0297-717F-462E-A1B0-1EEDF7E64BC7} = {5FB04206-6C3C-4796-86E5-CEF694F70939}
		{69BFE0BB-89AE-435F-84EF-7880D5BB0603} = {5FB04206-6C3C-4796-86E5-CEF694F70939}
		{63D71258-FBD4-4E6C-B32F-FA178BE26B8A} = {5FB04206-6C3C-4796-86E5-CEF694F70939}
		{8B53F213-D3DD-4627-9936-B611F006F691} = {5FB04206-6C3C-4796-86E5-CEF694F70939}
		{622CEF09-6812-4B2C-84B0-62B758258401} = {5FB04206-6C3C-4796-86E5-CEF694F70939}
		{C0B90FFF-564F-460D-B881-E809F1EA537B} = {5FB04206-6C3C-4796-86E5-CEF694F70939}
		{123883E4-253B-4781-A3D0-16114BBD82FC} = {5FB04206-6C3C-4796-86E5-CEF694F70939}
		{21D5236B-D4B6-4929-8A1D-0567624CDCFC} = {5FB04206-6C3C-4796-86E5-CEF694F70939}
	EndGlobalSection
	GlobalSection(ExtensibilityGlobals) = postSolution
		SolutionGuid = {33AA058C-7429-4789-AA83-6E68B9103AE5}
		Qt5Version = $(DefaultQtVersion)
	EndGlobalSection
EndGlobal
