<?xml version="1.0" encoding="utf-8"?>
<Project ToolsVersion="4.0" xmlns="http://schemas.microsoft.com/developer/msbuild/2003">
  <ItemGroup>
    <Filter Include="Source Files">
      <UniqueIdentifier>{4FC737F1-C7A5-4376-A066-2A32D752A2FF}</UniqueIdentifier>
      <Extensions>cpp;c;cc;cxx;def;odl;idl;hpj;bat;asm;asmx</Extensions>
    </Filter>
    <Filter Include="Header Files">
      <UniqueIdentifier>{93995380-89BD-4b04-88EB-625FBE52EBFB}</UniqueIdentifier>
      <Extensions>h;hh;hpp;hxx;hm;inl;inc;xsd</Extensions>
    </Filter>
    <Filter Include="Resource Files">
      <UniqueIdentifier>{D9D6E242-F8AF-46E4-B9FD-80ECBC20BA3E}</UniqueIdentifier>
      <Extensions>qrc;*</Extensions>
      <ParseFiles>false</ParseFiles>
    </Filter>
    <Filter Include="Resource Files">
      <UniqueIdentifier>{D9D6E242-F8AF-46E4-B9FD-80ECBC20BA3E}</UniqueIdentifier>
      <Extensions>qrc;*</Extensions>
      <ParseFiles>false</ParseFiles>
    </Filter>
    <Filter Include="Generated Files">
      <UniqueIdentifier>{71ED8ED8-ACB9-4CE9-BBE1-E00B30144E11}</UniqueIdentifier>
      <Extensions>moc;h;cpp</Extensions>
      <SourceControlFiles>False</SourceControlFiles>
    </Filter>
    <Filter Include="Form Files">
      <UniqueIdentifier>{99349809-55BA-4b9d-BF79-8FDBB0286EB3}</UniqueIdentifier>
      <Extensions>ui</Extensions>
      <ParseFiles>true</ParseFiles>
    </Filter>
    <Filter Include="Input">
      <UniqueIdentifier>{c6c941db-8133-4b6a-84cb-c3c4e57b4855}</UniqueIdentifier>
    </Filter>
    <Filter Include="Log">
      <UniqueIdentifier>{a171f229-3142-4efe-a027-44237b15d858}</UniqueIdentifier>
    </Filter>
    <Filter Include="Translation Files">
      <UniqueIdentifier>{639EADAA-A684-42e4-A9AD-28FC9BCB8F7C}</UniqueIdentifier>
      <Extensions>ts</Extensions>
      <ParseFiles>false</ParseFiles>
    </Filter>
    <Filter Include="Containers">
      <UniqueIdentifier>{22e4d03a-d497-4771-9d3d-fa3217cdf015}</UniqueIdentifier>
    </Filter>
    <Filter Include="Private">
      <UniqueIdentifier>{8fa07f5c-4cfb-4bd0-8a23-0c1634d32fc0}</UniqueIdentifier>
    </Filter>
    <Filter Include="Display Widgets">
      <UniqueIdentifier>{2cc6a0ab-9fec-4b48-a5a4-987f4e29ec55}</UniqueIdentifier>
    </Filter>
    <Filter Include="Doc">
      <UniqueIdentifier>{74e7be88-9c24-4b6b-ba40-a69badad33bc}</UniqueIdentifier>
    </Filter>
    <Filter Include="MessageTip">
      <UniqueIdentifier>{5b2dcb19-a518-481b-8e2b-9e0e37749904}</UniqueIdentifier>
    </Filter>
    <Filter Include="Docking">
      <UniqueIdentifier>{5db82d59-3d02-44bd-b8ba-b4794eb6c4b1}</UniqueIdentifier>
    </Filter>
  </ItemGroup>
  <ItemGroup>
    <ClInclude Include="qcustomui_global.h">
      <Filter>Header Files</Filter>
    </ClInclude>
    <ClInclude Include="Version.h">
      <Filter>Header Files</Filter>
    </ClInclude>
    <ClInclude Include="Private\flowlayout_p.h">
      <Filter>Private</Filter>
    </ClInclude>
    <ClInclude Include="Private\Util_p.h">
      <Filter>Private</Filter>
    </ClInclude>
    <ClInclude Include="Private\QCtmStyle_p.h">
      <Filter>Private</Filter>
    </ClInclude>
    <ClInclude Include="QCtmStyleSheet.h">
      <Filter>Header Files</Filter>
    </ClInclude>
    <ClInclude Include="QCtmLogEvent.h">
      <Filter>Log</Filter>
    </ClInclude>
    <ClInclude Include="QCtmLogManager.h">
      <Filter>Log</Filter>
    </ClInclude>
    <ClInclude Include="resource.h">
      <Filter>Header Files</Filter>
    </ClInclude>
    <ClInclude Include="QCtmLogData.h">
      <Filter>Log</Filter>
    </ClInclude>
    <ClInclude Include="QCtmMessageTipData.h">
      <Filter>MessageTip</Filter>
    </ClInclude>
    <ClInclude Include="Private\QCtmClassifyTreeNode_p.h">
      <Filter>Private</Filter>
    </ClInclude>
    <ClInclude Include="QCtmClassifyTreeItem.h">
      <Filter>Header Files</Filter>
    </ClInclude>
  </ItemGroup>
  <ItemGroup>
    <ClCompile Include="Private\flowlayout.cpp">
      <Filter>Private</Filter>
    </ClCompile>
    <ClCompile Include="Private\Util.cpp">
      <Filter>Private</Filter>
    </ClCompile>
    <ClCompile Include="Private\QCtmActionGroup.cpp">
      <Filter>Private</Filter>
    </ClCompile>
    <ClCompile Include="Private\QCtmFramelessDelegate.cpp">
      <Filter>Private</Filter>
    </ClCompile>
    <ClCompile Include="Private\QCtmMaximumSizeButton.cpp">
      <Filter>Private</Filter>
    </ClCompile>
    <ClCompile Include="Private\QCtmMessageTipHelper.cpp">
      <Filter>Private</Filter>
    </ClCompile>
    <ClCompile Include="Private\QCtmMessageViewDelegate.cpp">
      <Filter>Private</Filter>
    </ClCompile>
    <ClCompile Include="Private\QCtmNavigationImageButton.cpp">
      <Filter>Private</Filter>
    </ClCompile>
    <ClCompile Include="Private\QCtmSeparator.cpp">
      <Filter>Private</Filter>
    </ClCompile>
    <ClCompile Include="Private\QCtmStyle.cpp">
      <Filter>Private</Filter>
    </ClCompile>
    <ClCompile Include="Private\QCtmToolButton.cpp">
      <Filter>Private</Filter>
    </ClCompile>
    <ClCompile Include="Private\QCtmUserButton.cpp">
      <Filter>Private</Filter>
    </ClCompile>
    <ClCompile Include="Private\QCtmWidgetItem.cpp">
      <Filter>Private</Filter>
    </ClCompile>
    <ClCompile Include="QCtmAbstractLogModel.cpp">
      <Filter>Source Files</Filter>
    </ClCompile>
    <ClCompile Include="QCtmColor.cpp">
      <Filter>Source Files</Filter>
    </ClCompile>
    <ClCompile Include="QCtmNavigationBar.cpp">
      <Filter>Source Files</Filter>
    </ClCompile>
    <ClCompile Include="QCtmNavigationSideBar.cpp">
      <Filter>Source Files</Filter>
    </ClCompile>
    <ClCompile Include="QCtmTableItemDelegate.cpp">
      <Filter>Source Files</Filter>
    </ClCompile>
    <ClCompile Include="QCtmTableView.cpp">
      <Filter>Source Files</Filter>
    </ClCompile>
    <ClCompile Include="QCtmTabPage.cpp">
      <Filter>Source Files</Filter>
    </ClCompile>
    <ClCompile Include="QCtmTabWidget.cpp">
      <Filter>Source Files</Filter>
    </ClCompile>
    <ClCompile Include="QCtmTitleBar.cpp">
      <Filter>Source Files</Filter>
    </ClCompile>
    <ClCompile Include="QCtmIPAddressEdit.cpp">
      <Filter>Input</Filter>
    </ClCompile>
    <ClCompile Include="QCtmStyleSheet.cpp">
      <Filter>Source Files</Filter>
    </ClCompile>
    <ClCompile Include="QCtmLogWidget.cpp">
      <Filter>Log</Filter>
    </ClCompile>
    <ClCompile Include="QCtmLogEvent.cpp">
      <Filter>Log</Filter>
    </ClCompile>
    <ClCompile Include="QCtmLogFilterModel.cpp">
      <Filter>Log</Filter>
    </ClCompile>
    <ClCompile Include="QCtmLogManager.cpp">
      <Filter>Log</Filter>
    </ClCompile>
    <ClCompile Include="QCtmLogModel.cpp">
      <Filter>Log</Filter>
    </ClCompile>
    <ClCompile Include="QCtmApplication.cpp">
      <Filter>Source Files</Filter>
    </ClCompile>
    <ClCompile Include="QCtmHeaderView.cpp">
      <Filter>Source Files</Filter>
    </ClCompile>
    <ClCompile Include="QCtmDialog.cpp">
      <Filter>Containers</Filter>
    </ClCompile>
    <ClCompile Include="QCtmWindow.cpp">
      <Filter>Containers</Filter>
    </ClCompile>
    <ClCompile Include="Private\QCtmFramelessDelegate_win.cpp">
      <Filter>Private</Filter>
    </ClCompile>
    <ClCompile Include="QCtmEditLabel.cpp">
      <Filter>Display Widgets</Filter>
    </ClCompile>
    <ClCompile Include="QCtmMessageBox.cpp">
      <Filter>Display Widgets</Filter>
    </ClCompile>
    <ClCompile Include="QCtmMultiComboBox.cpp">
      <Filter>Input</Filter>
    </ClCompile>
    <ClCompile Include="QCtmComboBox.cpp">
      <Filter>Input</Filter>
    </ClCompile>
    <ClCompile Include="QCtmStageProgressBar.cpp">
      <Filter>Display Widgets</Filter>
    </ClCompile>
    <ClCompile Include="QCtmNavigationSidePane.cpp">
      <Filter>Source Files</Filter>
    </ClCompile>
    <ClCompile Include="QCtmLogData.cpp">
      <Filter>Log</Filter>
    </ClCompile>
    <ClCompile Include="QCtmMessageTipView.cpp">
      <Filter>MessageTip</Filter>
    </ClCompile>
    <ClCompile Include="QCtmMessageTipData.cpp">
      <Filter>MessageTip</Filter>
    </ClCompile>
    <ClCompile Include="QCtmMessageTipModel.cpp">
      <Filter>MessageTip</Filter>
    </ClCompile>
    <ClCompile Include="QCtmMessageTipButton.cpp">
      <Filter>MessageTip</Filter>
    </ClCompile>
    <ClCompile Include="QCtmAbstractMessageTipModel.cpp">
      <Filter>MessageTip</Filter>
    </ClCompile>
    <ClCompile Include="QCtmAbstractMessageTipView.cpp">
      <Filter>MessageTip</Filter>
    </ClCompile>
    <ClCompile Include="QCtmDrawerWidget.cpp">
      <Filter>Source Files</Filter>
    </ClCompile>
    <ClCompile Include="Private\QCtmDrawerItemTitle.cpp">
      <Filter>Private</Filter>
    </ClCompile>
    <ClCompile Include="QCtmDrawerItemWidget.cpp">
      <Filter>Source Files</Filter>
    </ClCompile>
    <ClCompile Include="QCtmClassifyTreeView.cpp">
      <Filter>Source Files</Filter>
    </ClCompile>
    <ClCompile Include="QCtmClassifyTreeModel.cpp">
      <Filter>Source Files</Filter>
    </ClCompile>
    <ClCompile Include="QCtmClassifyTreeItem.cpp">
      <Filter>Source Files</Filter>
    </ClCompile>
    <ClCompile Include="QCtmDockManager.cpp">
      <Filter>Docking</Filter>
    </ClCompile>
    <ClCompile Include="QCtmDockContainerWidget.cpp">
      <Filter>Docking</Filter>
    </ClCompile>
    <ClCompile Include="QCtmDockAreaWidget.cpp">
      <Filter>Docking</Filter>
    </ClCompile>
    <ClCompile Include="Private\QCtmDockSplitter.cpp">
      <Filter>Private</Filter>
    </ClCompile>
    <ClCompile Include="QCtmDockWidget.cpp">
      <Filter>Docking</Filter>
    </ClCompile>
    <ClCompile Include="Private\QCtmDockTabWidget.cpp">
      <Filter>Private</Filter>
    </ClCompile>
  </ItemGroup>
  <ItemGroup>
    <QtMoc Include="QCtmAbstractLogModel.h">
      <Filter>Header Files</Filter>
    </QtMoc>
    <QtMoc Include="QCtmColor.h">
      <Filter>Header Files</Filter>
    </QtMoc>
    <QtMoc Include="QCtmNavigationBar.h">
      <Filter>Header Files</Filter>
    </QtMoc>
    <QtMoc Include="QCtmNavigationSideBar.h">
      <Filter>Header Files</Filter>
    </QtMoc>
    <QtMoc Include="QCtmTableItemDelegate.h">
      <Filter>Header Files</Filter>
    </QtMoc>
    <QtMoc Include="QCtmTableView.h">
      <Filter>Header Files</Filter>
    </QtMoc>
    <QtMoc Include="QCtmTabPage.h">
      <Filter>Header Files</Filter>
    </QtMoc>
    <QtMoc Include="QCtmTabWidget.h">
      <Filter>Header Files</Filter>
    </QtMoc>
    <QtMoc Include="QCtmTitleBar.h">
      <Filter>Header Files</Filter>
    </QtMoc>
    <QtMoc Include="Private\QCtmActionGroup_p.h">
      <Filter>Private</Filter>
    </QtMoc>
    <QtMoc Include="Private\QCtmFramelessDelegate_p.h">
      <Filter>Private</Filter>
    </QtMoc>
    <QtMoc Include="Private\QCtmMaximumSizeButton_p.h">
      <Filter>Private</Filter>
    </QtMoc>
    <QtMoc Include="Private\QCtmMessageTipHelper_p.h">
      <Filter>Private</Filter>
    </QtMoc>
    <QtMoc Include="Private\QCtmMessageViewDelegate_p.h">
      <Filter>Private</Filter>
    </QtMoc>
    <QtMoc Include="Private\QCtmNavigationImageButton_p.h">
      <Filter>Private</Filter>
    </QtMoc>
    <QtMoc Include="Private\QCtmSeparator_p.h">
      <Filter>Private</Filter>
    </QtMoc>
    <QtMoc Include="Private\QCtmToolButton_p.h">
      <Filter>Private</Filter>
    </QtMoc>
    <QtMoc Include="Private\QCtmUserButton_p.h">
      <Filter>Private</Filter>
    </QtMoc>
    <QtMoc Include="QCtmIPAddressEdit.h">
      <Filter>Input</Filter>
    </QtMoc>
    <QtMoc Include="Private\QCtmWidgetItem_p.h">
      <Filter>Private</Filter>
    </QtMoc>
    <QtMoc Include="QCtmLogFilterModel.h">
      <Filter>Log</Filter>
    </QtMoc>
    <QtMoc Include="QCtmLogModel.h">
      <Filter>Log</Filter>
    </QtMoc>
    <QtMoc Include="QCtmLogWidget.h">
      <Filter>Log</Filter>
    </QtMoc>
    <QtMoc Include="QCtmApplication.h">
      <Filter>Header Files</Filter>
    </QtMoc>
    <QtMoc Include="QCtmHeaderView.h">
      <Filter>Header Files</Filter>
    </QtMoc>
    <QtMoc Include="QCtmDialog.h">
      <Filter>Containers</Filter>
    </QtMoc>
    <QtMoc Include="QCtmWindow.h">
      <Filter>Containers</Filter>
    </QtMoc>
    <QtMoc Include="Private\QCtmFramelessDelegate_win.h">
      <Filter>Private</Filter>
    </QtMoc>
    <QtMoc Include="QCtmEditLabel.h">
      <Filter>Display Widgets</Filter>
    </QtMoc>
    <QtMoc Include="QCtmMessageBox.h">
      <Filter>Display Widgets</Filter>
    </QtMoc>
    <QtMoc Include="QCtmMultiComboBox.h">
      <Filter>Input</Filter>
    </QtMoc>
    <QtMoc Include="QCtmComboBox.h">
      <Filter>Input</Filter>
    </QtMoc>
    <QtMoc Include="QCtmStageProgressBar.h">
      <Filter>Display Widgets</Filter>
    </QtMoc>
    <QtMoc Include="QCtmNavigationSidePane.h">
      <Filter>Header Files</Filter>
    </QtMoc>
    <QtMoc Include="QCtmMessageTipModel.h">
      <Filter>MessageTip</Filter>
    </QtMoc>
    <QtMoc Include="QCtmMessageTipButton.h">
      <Filter>MessageTip</Filter>
    </QtMoc>
    <QtMoc Include="QCtmMessageTipView.h">
      <Filter>MessageTip</Filter>
    </QtMoc>
    <QtMoc Include="QCtmAbstractMessageTipModel.h">
      <Filter>MessageTip</Filter>
    </QtMoc>
    <QtMoc Include="QCtmAbstractMessageTipView.h">
      <Filter>MessageTip</Filter>
    </QtMoc>
    <QtMoc Include="QCtmDrawerWidget.h">
      <Filter>Header Files</Filter>
    </QtMoc>
    <QtMoc Include="Private\QCtmDrawerItemTitle_p.h">
      <Filter>Private</Filter>
    </QtMoc>
    <QtMoc Include="QCtmDrawerItemWidget.h">
      <Filter>Header Files</Filter>
    </QtMoc>
    <QtMoc Include="QCtmClassifyTreeView.h">
      <Filter>Header Files</Filter>
    </QtMoc>
    <QtMoc Include="QCtmClassifyTreeModel.h">
      <Filter>Header Files</Filter>
    </QtMoc>
    <QtMoc Include="QCtmDockManager.h">
      <Filter>Docking</Filter>
    </QtMoc>
    <QtMoc Include="QCtmDockContainerWidget.h">
      <Filter>Docking</Filter>
    </QtMoc>
    <QtMoc Include="QCtmDockAreaWidget.h">
      <Filter>Docking</Filter>
    </QtMoc>
    <QtMoc Include="Private\QCtmDockSplitter_p.h">
      <Filter>Private</Filter>
    </QtMoc>
    <QtMoc Include="QCtmDockWidget.h">
      <Filter>Docking</Filter>
    </QtMoc>
    <QtMoc Include="Private\QCtmDockTabWidget_p.h">
      <Filter>Private</Filter>
    </QtMoc>
  </ItemGroup>
  <ItemGroup>
    <QtUic Include="QCtmWindow.ui">
      <Filter>Form Files</Filter>
    </QtUic>
    <QtUic Include="QCtmTitleBar.ui">
      <Filter>Form Files</Filter>
    </QtUic>
  </ItemGroup>
  <ItemGroup>
    <QtRcc Include="QCustomUi.qrc">
      <Filter>Resource Files</Filter>
    </QtRcc>
  </ItemGroup>
  <ItemGroup>
    <None Include="Resources\stylesheet\default-light.css">
      <Filter>Resource Files</Filter>
    </None>
    <None Include="Resources\stylesheet\sw-light.css">
      <Filter>Resource Files</Filter>
    </None>
    <None Include="qcustomui_zh.ts">
      <Filter>Translation Files</Filter>
    </None>
    <None Include="..\..\README.md">
      <Filter>Resource Files</Filter>
    </None>
    <None Include="Docs\QCtmAbstractMessageTipData.qdoc">
      <Filter>Doc</Filter>
    </None>
    <None Include="Docs\QCtmClassifyTreeIconItem.qdoc">
      <Filter>Doc</Filter>
    </None>
    <None Include="Docs\QCtmClassifyTreeGroupItem.qdoc">
      <Filter>Doc</Filter>
    </None>
  </ItemGroup>
  <ItemGroup>
    <ResourceCompile Include="QCustomUi.rc">
      <Filter>Resource Files</Filter>
    </ResourceCompile>
  </ItemGroup>
</Project>